
Microsoft Visual Studio Solution File, Format Version 12.00
# Visual Studio Version 17
VisualStudioVersion = 17.4.33103.184
MinimumVisualStudioVersion = 10.0.40219.1
Project("{FAE04EC0-301F-11D3-BF4B-00C04F79EFBC}") = "XMLFiles", "XMLFiles\XMLFiles.csproj", "{3EE0A31F-C4C3-4C7A-97A1-150EA9220E14}"
EndProject
Global
	GlobalSection(SolutionConfigurationPlatforms) = preSolution
		Debug|Any CPU = Debug|Any CPU
		Release|Any CPU = Release|Any CPU
	EndGlobalSection
	GlobalSection(ProjectConfigurationPlatforms) = postSolution
		{3EE0A31F-C4C3-4C7A-97A1-150EA9220E14}.Debug|Any CPU.ActiveCfg = Debug|Any CPU
		{3EE0A31F-C4C3-4C7A-97A1-150EA9220E14}.Debug|Any CPU.Build.0 = Debug|Any CPU
		{3EE0A31F-C4C3-4C7A-97A1-150EA9220E14}.Release|Any CPU.ActiveCfg = Release|Any CPU
		{3EE0A31F-C4C3-4C7A-97A1-150EA9220E14}.Release|Any CPU.Build.0 = Release|Any CPU
	EndGlobalSection
	GlobalSection(SolutionProperties) = preSolution
		HideSolutionNode = FALSE
	EndGlobalSection
	GlobalSection(ExtensibilityGlobals) = postSolution
		SolutionGuid = {CAB24E3A-B287-4E39-A857-2C9031F9F112}
	EndGlobalSection
EndGlobal
